
Microsoft Visual Studio Solution File, Format Version 12.00
# Visual Studio Version 16
VisualStudioVersion = 16.0.33423.256
MinimumVisualStudioVersion = 10.0.40219.1
Project("{FAE04EC0-301F-11D3-BF4B-00C04F79EFBC}") = "Bank", "Bank.csproj", "{3189FA72-EB94-4139-B4FF-D13755F355DE}"
EndProject
Global
	GlobalSection(SolutionConfigurationPlatforms) = preSolution
		Debug|Any CPU = Debug|Any CPU
		Release|Any CPU = Release|Any CPU
	EndGlobalSection
	GlobalSection(ProjectConfigurationPlatforms) = postSolution
		{3189FA72-EB94-4139-B4FF-D13755F355DE}.Debug|Any CPU.ActiveCfg = Debug|Any CPU
		{3189FA72-EB94-4139-B4FF-D13755F355DE}.Debug|Any CPU.Build.0 = Debug|Any CPU
		{3189FA72-EB94-4139-B4FF-D13755F355DE}.Release|Any CPU.ActiveCfg = Release|Any CPU
		{3189FA72-EB94-4139-B4FF-D13755F355DE}.Release|Any CPU.Build.0 = Release|Any CPU
	EndGlobalSection
	GlobalSection(SolutionProperties) = preSolution
		HideSolutionNode = FALSE
	EndGlobalSection
	GlobalSection(ExtensibilityGlobals) = postSolution
		SolutionGuid = {8E7D75C0-CE95-42C5-A106-0EC2FDD2E74E}
	EndGlobalSection
EndGlobal
